download_data:
  cmd: python src/data/download_data.py
  params:
    params.yaml:
      kaggle_competition: tabular-playground-series-jan-2021
  outs:
  - path: data/raw/sample_submission.csv
    md5: 5760d6874a1f01db080bd2108d4c6a17
    size: 2155901
  - path: data/raw/test.csv
    md5: 0715b534f7f3826ae8574cff3f9c43d5
    size: 54761136
  - path: data/raw/train.csv
    md5: 385c19080a9d087491d91d3eeaa95c87
    size: 87516226
lgbm_modelling:
  cmd: python src/model/lgbm.py
  deps:
  - path: data/interim/train_scaled.csv
    md5: 2d3f1819dc75776a982b8b133ced2fdf
    size: 87616429
  outs:
  - path: models/lgbm/model.txt
    md5: 833e2ad8169186efffba476d8e0d7566
    size: 2778731
lgbm_inference:
  cmd: python src/inference/lgbm_inf.py
  deps:
  - path: data/interim/test_scaled.csv
    md5: 92a9d4ec1f1fc0192cfd689e5fed2d48
    size: 54851710
  - path: models/lgbm/model.txt
    md5: 833e2ad8169186efffba476d8e0d7566
    size: 2778731
  outs:
  - path: data/submission/submission.csv
    md5: a8bea297c87044be70030dc26cb5b251
    size: 4942443
submission:
  cmd: kaggle competitions submit tabular-playground-series-jan-2021 -f data/submission/submission.csv
    -m "LightGBM"
pca:
  cmd: python src/data/pca.py
  deps:
  - path: data/interim/train_scaled.csv
    md5: a5b5a1aa7b736699ce8d421ef57bdaf2
    size: 88281121
  params:
    params.yaml:
      n_components: 0.7
  outs:
  - path: data/interim/train_pca.csv
    md5: 1b0b1ba3220faf96de8e7197d58b7625
    size: 31486711
scale:
  cmd: python src/data/scale.py -f data/raw/train.csv
  deps:
  - path: data/raw/train.csv
    md5: 385c19080a9d087491d91d3eeaa95c87
    size: 87516226
  params:
    params.yaml:
      features:
      - cont2
      - cont3
      - cont4
      - cont6
      - cont7
      - cont8
      - cont11
      - cont12
  outs:
  - path: data/interim/train_scaled.csv
    md5: 2d3f1819dc75776a982b8b133ced2fdf
    size: 87616429
scale_test:
  cmd: python src/data/scale.py -f data/raw/test.csv
  deps:
  - path: data/raw/test.csv
    md5: 0715b534f7f3826ae8574cff3f9c43d5
    size: 54761136
  params:
    params.yaml:
      features:
      - cont2
      - cont3
      - cont4
      - cont6
      - cont7
      - cont8
      - cont11
      - cont12
  outs:
  - path: data/interim/test_scaled.csv
    md5: 92a9d4ec1f1fc0192cfd689e5fed2d48
    size: 54851710
