download_data:
  cmd: python src/data/download_data.py
  params:
    params.yaml:
      kaggle_competition: tabular-playground-series-jan-2021
  outs:
  - path: data/raw/sample_submission.csv
    md5: 5760d6874a1f01db080bd2108d4c6a17
    size: 2155901
  - path: data/raw/test.csv
    md5: 0715b534f7f3826ae8574cff3f9c43d5
    size: 54761136
  - path: data/raw/train.csv
    md5: 385c19080a9d087491d91d3eeaa95c87
    size: 87516226
lgbm_modelling:
  cmd: python src/model/lgbm.py
  deps:
  - path: data/interim/train_scaled.csv
    md5: d6028e682503dd13f9963412e6dbeeaa
    size: 106723492
  params:
    params.yaml:
      features:
      - cont1
      - cont2
      - cont3
      - cont4
      - cont5
      - cont6_logarithm
      - cont7
      - cont8_logarithm
      - cont9
      - cont10
      - cont11
      - cont12
      - cont13_logarithm
      - cont14
  outs:
  - path: models/lgbm/model.txt
    md5: 544277742b3476bcfd2ae40eb7d36ff2
    size: 3519499
lgbm_inference:
  cmd: python src/inference/lgbm_inf.py
  deps:
  - path: data/interim/test_scaled.csv
    md5: ce15953b5d02d65285b07ec4d1f237c9
    size: 67575705
  - path: models/lgbm/model.txt
    md5: 544277742b3476bcfd2ae40eb7d36ff2
    size: 3519499
  params:
    params.yaml:
      features:
      - cont1
      - cont2
      - cont3
      - cont4
      - cont5
      - cont6_logarithm
      - cont7
      - cont8_logarithm
      - cont9
      - cont10
      - cont11
      - cont12
      - cont13_logarithm
      - cont14
  outs:
  - path: data/submission/submission.csv
    md5: 7d87dd4bc466e5ab8accb0882b56fb00
    size: 4944504
submission:
  cmd: kaggle competitions submit tabular-playground-series-jan-2021 -f data/submission/submission.csv
    -m "LightGBM"
logarithm_train:
  cmd: python src/feature/logarithm.py -f data/raw/train.csv
  deps:
  - path: data/raw/train.csv
    md5: 385c19080a9d087491d91d3eeaa95c87
    size: 87516226
  params:
    params.yaml:
      features_to_logarithm:
      - cont6
      - cont8
      - cont13
  outs:
  - path: data/interim/train_logarithm.csv
    md5: 65f00cb4641f9e8579b9c05269d6bd64
    size: 104920768
logarithm_test:
  cmd: python src/feature/logarithm.py -f data/raw/test.csv
  deps:
  - path: data/raw/test.csv
    md5: 0715b534f7f3826ae8574cff3f9c43d5
    size: 54761136
  params:
    params.yaml:
      features_to_logarithm:
      - cont6
      - cont8
      - cont13
  outs:
  - path: data/interim/test_logarithm.csv
    md5: b82962441d67c9bba2a9f59c57594e83
    size: 66373834
scaling:
  cmd: python src/feature/scaling_standard.py
  deps:
  - path: data/interim/test_logarithm.csv
    md5: b82962441d67c9bba2a9f59c57594e83
    size: 66373834
  - path: data/interim/train_logarithm.csv
    md5: 65f00cb4641f9e8579b9c05269d6bd64
    size: 104920768
  params:
    params.yaml:
      features:
      - cont1
      - cont2
      - cont3
      - cont4
      - cont5
      - cont6_logarithm
      - cont7
      - cont8_logarithm
      - cont9
      - cont10
      - cont11
      - cont12
      - cont13_logarithm
      - cont14
  outs:
  - path: data/interim/test_scaled.csv
    md5: ce15953b5d02d65285b07ec4d1f237c9
    size: 67575705
  - path: data/interim/train_scaled.csv
    md5: d6028e682503dd13f9963412e6dbeeaa
    size: 106723492
