download_data:
  cmd: python src/data/download_data.py
  params:
    params.yaml:
      kaggle_competition: tabular-playground-series-jan-2021
  outs:
  - path: data/raw/sample_submission.csv
    md5: 5760d6874a1f01db080bd2108d4c6a17
    size: 2155901
  - path: data/raw/test.csv
    md5: 0715b534f7f3826ae8574cff3f9c43d5
    size: 54761136
  - path: data/raw/train.csv
    md5: 385c19080a9d087491d91d3eeaa95c87
    size: 87516226
lgbm_modelling:
  cmd: python src/model/lgbm.py
  deps:
  - path: data/raw/train.csv
    md5: 385c19080a9d087491d91d3eeaa95c87
    size: 87516226
  outs:
  - path: models/lgbm/model.txt
    md5: 25e54c2767c85c5323a3e54688c02b1c
    size: 3012504
lgbm_inference:
  cmd: python src/inference/lgbm_inf.py
  deps:
  - path: data/raw/test.csv
    md5: 0715b534f7f3826ae8574cff3f9c43d5
    size: 54761136
  - path: models/lgbm/model.txt
    md5: 25e54c2767c85c5323a3e54688c02b1c
    size: 3012504
  outs:
  - path: data/submission/submission.csv
    md5: cc3fab4f4d8c7046f077aeb4b3dffccd
    size: 4945497
submission:
  cmd: kaggle competitions submit tabular-playground-series-jan-2021 -f data/submission/submission.csv
    -m "LightGBM"
